
Microsoft Visual Studio Solution File, Format Version 12.00
# Visual Studio Version 17
VisualStudioVersion = 17.0.31903.59
MinimumVisualStudioVersion = 10.0.40219.1
Project("{2150E333-8FDC-42A3-9474-1A3956D46DE8}") = "Core", "Core", "{49CD3135-664D-4E70-B8DD-CA578B88CFD8}"
EndProject
Project("{2150E333-8FDC-42A3-9474-1A3956D46DE8}") = "Services", "Services", "{152A07BF-966E-4323-BA4D-230264881564}"
EndProject
Project("{2150E333-8FDC-42A3-9474-1A3956D46DE8}") = "Order", "Order", "{42D27028-D02A-4A29-83E3-3581C36FA33A}"
EndProject
Project("{9A19103F-16F7-4668-BE54-9A1E7A4F7556}") = "Order.API", "src\Services\Order\Order.API\Order.API.csproj", "{BC10E0D1-C7C7-4535-953F-C77CAA1A994E}"
EndProject
Project("{2150E333-8FDC-42A3-9474-1A3956D46DE8}") = "Stock", "Stock", "{6B32393B-0481-4564-8CF5-85866B8899EB}"
EndProject
Project("{9A19103F-16F7-4668-BE54-9A1E7A4F7556}") = "Stock.API", "src\Services\Stock\Stock.API\Stock.API.csproj", "{6E68306D-D07F-49F9-B5EB-04553F140D73}"
EndProject
Project("{2150E333-8FDC-42A3-9474-1A3956D46DE8}") = "Payment", "Payment", "{92272B8A-1BA0-4031-8C7F-ADEFADCEAF9C}"
EndProject
Project("{9A19103F-16F7-4668-BE54-9A1E7A4F7556}") = "Payment.API", "src\Services\Payment\Payment.API\Payment.API.csproj", "{B03B7FDF-B57D-4396-9AB3-2118FC1B16BB}"
EndProject
Project("{9A19103F-16F7-4668-BE54-9A1E7A4F7556}") = "Shared", "src\Core\Shared\Shared.csproj", "{B6567313-9BB1-4173-A7C8-B363FA9C4EB7}"
EndProject
Project("{9A19103F-16F7-4668-BE54-9A1E7A4F7556}") = "Order.Domain", "src\Services\Order\Order.Domain\Order.Domain.csproj", "{4DDD20B5-23D3-43B1-9B9C-F00E14669D97}"
EndProject
Project("{E53339B2-1760-4266-BCC7-CA923CBCF16C}") = "docker-compose", "docker-compose.dcproj", "{CC91D62E-84B6-4168-B0BD-F9A3955366DF}"
EndProject
Project("{9A19103F-16F7-4668-BE54-9A1E7A4F7556}") = "Order.Infrastructure", "src\Services\Order\Order.Infrastructure\Order.Infrastructure.csproj", "{1570839D-3F36-4240-85FD-8C6CADC4C357}"
EndProject
Project("{9A19103F-16F7-4668-BE54-9A1E7A4F7556}") = "Order.Application", "src\Services\Order\Order.Application\Order.Application.csproj", "{24B7DD8D-53F7-47D1-8192-E00402527C73}"
EndProject
Project("{9A19103F-16F7-4668-BE54-9A1E7A4F7556}") = "Stock.Application", "src\Services\Stock\Stock.Application\Stock.Application.csproj", "{6A439F0E-A85F-43C0-ADBB-B7D2B72D6E04}"
EndProject
Project("{9A19103F-16F7-4668-BE54-9A1E7A4F7556}") = "Stock.Domain", "src\Services\Stock\Stock.Domain\Stock.Domain.csproj", "{A320C3BA-5582-4DAC-A641-F6C825D84F7B}"
EndProject
Project("{9A19103F-16F7-4668-BE54-9A1E7A4F7556}") = "Stock.Infrastructure", "src\Services\Stock\Stock.Infrastructure\Stock.Infrastructure.csproj", "{21C7BA47-4B4F-4710-BBE1-CD4DF039D9B4}"
EndProject
Project("{FAE04EC0-301F-11D3-BF4B-00C04F79EFBC}") = "Payment.Application", "src\Services\Payment\Payment.Application\Payment.Application.csproj", "{A09B2D0E-D2DF-4413-832B-4A769D558733}"
EndProject
Project("{FAE04EC0-301F-11D3-BF4B-00C04F79EFBC}") = "Payment.Domain", "src\Services\Payment\Payment.Domain\Payment.Domain.csproj", "{A926AF1E-F44C-412B-888D-5F15DB9134DD}"
EndProject
Project("{FAE04EC0-301F-11D3-BF4B-00C04F79EFBC}") = "Payment.Infrastructure", "src\Services\Payment\Payment.Infrastructure\Payment.Infrastructure.csproj", "{3D822D24-CB5C-4C5D-AC41-2D5FD0D4C4EB}"
EndProject
Project("{FAE04EC0-301F-11D3-BF4B-00C04F79EFBC}") = "Core.Application", "src\Core\Core.Application\Core.Application.csproj", "{E4C129AC-F5D5-48A2-99C3-0DE084D9A5A6}"
EndProject
Project("{FAE04EC0-301F-11D3-BF4B-00C04F79EFBC}") = "Core.Infrastructure", "src\Core\Core.Infrastructure\Core.Infrastructure.csproj", "{4BDDCD61-261E-4987-AF95-4847E8CDC04D}"
EndProject
Global
	GlobalSection(SolutionConfigurationPlatforms) = preSolution
		Debug|Any CPU = Debug|Any CPU
		Release|Any CPU = Release|Any CPU
	EndGlobalSection
	GlobalSection(ProjectConfigurationPlatforms) = postSolution
		{BC10E0D1-C7C7-4535-953F-C77CAA1A994E}.Debug|Any CPU.ActiveCfg = Debug|Any CPU
		{BC10E0D1-C7C7-4535-953F-C77CAA1A994E}.Debug|Any CPU.Build.0 = Debug|Any CPU
		{BC10E0D1-C7C7-4535-953F-C77CAA1A994E}.Release|Any CPU.ActiveCfg = Release|Any CPU
		{BC10E0D1-C7C7-4535-953F-C77CAA1A994E}.Release|Any CPU.Build.0 = Release|Any CPU
		{6E68306D-D07F-49F9-B5EB-04553F140D73}.Debug|Any CPU.ActiveCfg = Debug|Any CPU
		{6E68306D-D07F-49F9-B5EB-04553F140D73}.Debug|Any CPU.Build.0 = Debug|Any CPU
		{6E68306D-D07F-49F9-B5EB-04553F140D73}.Release|Any CPU.ActiveCfg = Release|Any CPU
		{6E68306D-D07F-49F9-B5EB-04553F140D73}.Release|Any CPU.Build.0 = Release|Any CPU
		{B03B7FDF-B57D-4396-9AB3-2118FC1B16BB}.Debug|Any CPU.ActiveCfg = Debug|Any CPU
		{B03B7FDF-B57D-4396-9AB3-2118FC1B16BB}.Debug|Any CPU.Build.0 = Debug|Any CPU
		{B03B7FDF-B57D-4396-9AB3-2118FC1B16BB}.Release|Any CPU.ActiveCfg = Release|Any CPU
		{B03B7FDF-B57D-4396-9AB3-2118FC1B16BB}.Release|Any CPU.Build.0 = Release|Any CPU
		{B6567313-9BB1-4173-A7C8-B363FA9C4EB7}.Debug|Any CPU.ActiveCfg = Debug|Any CPU
		{B6567313-9BB1-4173-A7C8-B363FA9C4EB7}.Debug|Any CPU.Build.0 = Debug|Any CPU
		{B6567313-9BB1-4173-A7C8-B363FA9C4EB7}.Release|Any CPU.ActiveCfg = Release|Any CPU
		{B6567313-9BB1-4173-A7C8-B363FA9C4EB7}.Release|Any CPU.Build.0 = Release|Any CPU
		{4DDD20B5-23D3-43B1-9B9C-F00E14669D97}.Debug|Any CPU.ActiveCfg = Debug|Any CPU
		{4DDD20B5-23D3-43B1-9B9C-F00E14669D97}.Debug|Any CPU.Build.0 = Debug|Any CPU
		{4DDD20B5-23D3-43B1-9B9C-F00E14669D97}.Release|Any CPU.ActiveCfg = Release|Any CPU
		{4DDD20B5-23D3-43B1-9B9C-F00E14669D97}.Release|Any CPU.Build.0 = Release|Any CPU
		{CC91D62E-84B6-4168-B0BD-F9A3955366DF}.Debug|Any CPU.ActiveCfg = Debug|Any CPU
		{CC91D62E-84B6-4168-B0BD-F9A3955366DF}.Debug|Any CPU.Build.0 = Debug|Any CPU
		{CC91D62E-84B6-4168-B0BD-F9A3955366DF}.Release|Any CPU.ActiveCfg = Release|Any CPU
		{CC91D62E-84B6-4168-B0BD-F9A3955366DF}.Release|Any CPU.Build.0 = Release|Any CPU
		{1570839D-3F36-4240-85FD-8C6CADC4C357}.Debug|Any CPU.ActiveCfg = Debug|Any CPU
		{1570839D-3F36-4240-85FD-8C6CADC4C357}.Debug|Any CPU.Build.0 = Debug|Any CPU
		{1570839D-3F36-4240-85FD-8C6CADC4C357}.Release|Any CPU.ActiveCfg = Release|Any CPU
		{1570839D-3F36-4240-85FD-8C6CADC4C357}.Release|Any CPU.Build.0 = Release|Any CPU
		{24B7DD8D-53F7-47D1-8192-E00402527C73}.Debug|Any CPU.ActiveCfg = Debug|Any CPU
		{24B7DD8D-53F7-47D1-8192-E00402527C73}.Debug|Any CPU.Build.0 = Debug|Any CPU
		{24B7DD8D-53F7-47D1-8192-E00402527C73}.Release|Any CPU.ActiveCfg = Release|Any CPU
		{24B7DD8D-53F7-47D1-8192-E00402527C73}.Release|Any CPU.Build.0 = Release|Any CPU
		{6A439F0E-A85F-43C0-ADBB-B7D2B72D6E04}.Debug|Any CPU.ActiveCfg = Debug|Any CPU
		{6A439F0E-A85F-43C0-ADBB-B7D2B72D6E04}.Debug|Any CPU.Build.0 = Debug|Any CPU
		{6A439F0E-A85F-43C0-ADBB-B7D2B72D6E04}.Release|Any CPU.ActiveCfg = Release|Any CPU
		{6A439F0E-A85F-43C0-ADBB-B7D2B72D6E04}.Release|Any CPU.Build.0 = Release|Any CPU
		{A320C3BA-5582-4DAC-A641-F6C825D84F7B}.Debug|Any CPU.ActiveCfg = Debug|Any CPU
		{A320C3BA-5582-4DAC-A641-F6C825D84F7B}.Debug|Any CPU.Build.0 = Debug|Any CPU
		{A320C3BA-5582-4DAC-A641-F6C825D84F7B}.Release|Any CPU.ActiveCfg = Release|Any CPU
		{A320C3BA-5582-4DAC-A641-F6C825D84F7B}.Release|Any CPU.Build.0 = Release|Any CPU
		{21C7BA47-4B4F-4710-BBE1-CD4DF039D9B4}.Debug|Any CPU.ActiveCfg = Debug|Any CPU
		{21C7BA47-4B4F-4710-BBE1-CD4DF039D9B4}.Debug|Any CPU.Build.0 = Debug|Any CPU
		{21C7BA47-4B4F-4710-BBE1-CD4DF039D9B4}.Release|Any CPU.ActiveCfg = Release|Any CPU
		{21C7BA47-4B4F-4710-BBE1-CD4DF039D9B4}.Release|Any CPU.Build.0 = Release|Any CPU
		{A09B2D0E-D2DF-4413-832B-4A769D558733}.Debug|Any CPU.ActiveCfg = Debug|Any CPU
		{A09B2D0E-D2DF-4413-832B-4A769D558733}.Debug|Any CPU.Build.0 = Debug|Any CPU
		{A09B2D0E-D2DF-4413-832B-4A769D558733}.Release|Any CPU.ActiveCfg = Release|Any CPU
		{A09B2D0E-D2DF-4413-832B-4A769D558733}.Release|Any CPU.Build.0 = Release|Any CPU
		{A926AF1E-F44C-412B-888D-5F15DB9134DD}.Debug|Any CPU.ActiveCfg = Debug|Any CPU
		{A926AF1E-F44C-412B-888D-5F15DB9134DD}.Debug|Any CPU.Build.0 = Debug|Any CPU
		{A926AF1E-F44C-412B-888D-5F15DB9134DD}.Release|Any CPU.ActiveCfg = Release|Any CPU
		{A926AF1E-F44C-412B-888D-5F15DB9134DD}.Release|Any CPU.Build.0 = Release|Any CPU
		{3D822D24-CB5C-4C5D-AC41-2D5FD0D4C4EB}.Debug|Any CPU.ActiveCfg = Debug|Any CPU
		{3D822D24-CB5C-4C5D-AC41-2D5FD0D4C4EB}.Debug|Any CPU.Build.0 = Debug|Any CPU
		{3D822D24-CB5C-4C5D-AC41-2D5FD0D4C4EB}.Release|Any CPU.ActiveCfg = Release|Any CPU
		{3D822D24-CB5C-4C5D-AC41-2D5FD0D4C4EB}.Release|Any CPU.Build.0 = Release|Any CPU
		{E4C129AC-F5D5-48A2-99C3-0DE084D9A5A6}.Debug|Any CPU.ActiveCfg = Debug|Any CPU
		{E4C129AC-F5D5-48A2-99C3-0DE084D9A5A6}.Debug|Any CPU.Build.0 = Debug|Any CPU
		{E4C129AC-F5D5-48A2-99C3-0DE084D9A5A6}.Release|Any CPU.ActiveCfg = Release|Any CPU
		{E4C129AC-F5D5-48A2-99C3-0DE084D9A5A6}.Release|Any CPU.Build.0 = Release|Any CPU
		{4BDDCD61-261E-4987-AF95-4847E8CDC04D}.Debug|Any CPU.ActiveCfg = Debug|Any CPU
		{4BDDCD61-261E-4987-AF95-4847E8CDC04D}.Debug|Any CPU.Build.0 = Debug|Any CPU
		{4BDDCD61-261E-4987-AF95-4847E8CDC04D}.Release|Any CPU.ActiveCfg = Release|Any CPU
		{4BDDCD61-261E-4987-AF95-4847E8CDC04D}.Release|Any CPU.Build.0 = Release|Any CPU
	EndGlobalSection
	GlobalSection(SolutionProperties) = preSolution
		HideSolutionNode = FALSE
	EndGlobalSection
	GlobalSection(NestedProjects) = preSolution
		{42D27028-D02A-4A29-83E3-3581C36FA33A} = {152A07BF-966E-4323-BA4D-230264881564}
		{BC10E0D1-C7C7-4535-953F-C77CAA1A994E} = {42D27028-D02A-4A29-83E3-3581C36FA33A}
		{6B32393B-0481-4564-8CF5-85866B8899EB} = {152A07BF-966E-4323-BA4D-230264881564}
		{6E68306D-D07F-49F9-B5EB-04553F140D73} = {6B32393B-0481-4564-8CF5-85866B8899EB}
		{92272B8A-1BA0-4031-8C7F-ADEFADCEAF9C} = {152A07BF-966E-4323-BA4D-230264881564}
		{B03B7FDF-B57D-4396-9AB3-2118FC1B16BB} = {92272B8A-1BA0-4031-8C7F-ADEFADCEAF9C}
		{B6567313-9BB1-4173-A7C8-B363FA9C4EB7} = {49CD3135-664D-4E70-B8DD-CA578B88CFD8}
		{4DDD20B5-23D3-43B1-9B9C-F00E14669D97} = {42D27028-D02A-4A29-83E3-3581C36FA33A}
		{1570839D-3F36-4240-85FD-8C6CADC4C357} = {42D27028-D02A-4A29-83E3-3581C36FA33A}
		{24B7DD8D-53F7-47D1-8192-E00402527C73} = {42D27028-D02A-4A29-83E3-3581C36FA33A}
		{6A439F0E-A85F-43C0-ADBB-B7D2B72D6E04} = {6B32393B-0481-4564-8CF5-85866B8899EB}
		{A320C3BA-5582-4DAC-A641-F6C825D84F7B} = {6B32393B-0481-4564-8CF5-85866B8899EB}
		{21C7BA47-4B4F-4710-BBE1-CD4DF039D9B4} = {6B32393B-0481-4564-8CF5-85866B8899EB}
		{A09B2D0E-D2DF-4413-832B-4A769D558733} = {92272B8A-1BA0-4031-8C7F-ADEFADCEAF9C}
		{A926AF1E-F44C-412B-888D-5F15DB9134DD} = {92272B8A-1BA0-4031-8C7F-ADEFADCEAF9C}
		{3D822D24-CB5C-4C5D-AC41-2D5FD0D4C4EB} = {92272B8A-1BA0-4031-8C7F-ADEFADCEAF9C}
		{E4C129AC-F5D5-48A2-99C3-0DE084D9A5A6} = {49CD3135-664D-4E70-B8DD-CA578B88CFD8}
		{4BDDCD61-261E-4987-AF95-4847E8CDC04D} = {49CD3135-664D-4E70-B8DD-CA578B88CFD8}
	EndGlobalSection
	GlobalSection(ExtensibilityGlobals) = postSolution
		SolutionGuid = {7E404DD4-4936-4187-8937-0A8D8733820B}
	EndGlobalSection
EndGlobal
